
Microsoft Visual Studio Solution File, Format Version 12.00
# Visual Studio Version 16
VisualStudioVersion = 16.0.30413.136
MinimumVisualStudioVersion = 10.0.40219.1
Project("{FAE04EC0-301F-11D3-BF4B-00C04F79EFBC}") = "Nemzetek", "Szakdolgozat_RZD\Nemzetek.csproj", "{1C612F82-8E8B-405E-933E-493D2F4252EE}"
EndProject
Global
	GlobalSection(SolutionConfigurationPlatforms) = preSolution
		Debug|Any CPU = Debug|Any CPU
		Release|Any CPU = Release|Any CPU
	EndGlobalSection
	GlobalSection(ProjectConfigurationPlatforms) = postSolution
		{1C612F82-8E8B-405E-933E-493D2F4252EE}.Debug|Any CPU.ActiveCfg = Debug|Any CPU
		{1C612F82-8E8B-405E-933E-493D2F4252EE}.Debug|Any CPU.Build.0 = Debug|Any CPU
		{1C612F82-8E8B-405E-933E-493D2F4252EE}.Release|Any CPU.ActiveCfg = Release|Any CPU
		{1C612F82-8E8B-405E-933E-493D2F4252EE}.Release|Any CPU.Build.0 = Release|Any CPU
	EndGlobalSection
	GlobalSection(SolutionProperties) = preSolution
		HideSolutionNode = FALSE
	EndGlobalSection
	GlobalSection(ExtensibilityGlobals) = postSolution
		SolutionGuid = {3F9C84DF-8189-453F-9122-BC8C68FE2A16}
	EndGlobalSection
EndGlobal
